
Microsoft Visual Studio Solution File, Format Version 12.00
# Visual Studio Version 16
VisualStudioVersion = 16.0.30621.155
MinimumVisualStudioVersion = 10.0.40219.1
Project("{8BC9CEB8-8B4A-11D0-8D11-00A0C91BC942}") = "quizExamApp", "quizExamApp.vcxproj", "{89307CEE-31B3-4E48-BC3E-28A96B4F8C53}"
EndProject
Global
	GlobalSection(SolutionConfigurationPlatforms) = preSolution
		Debug|x64 = Debug|x64
		Debug|x86 = Debug|x86
		Release|x64 = Release|x64
		Release|x86 = Release|x86
	EndGlobalSection
	GlobalSection(ProjectConfigurationPlatforms) = postSolution
		{89307CEE-31B3-4E48-BC3E-28A96B4F8C53}.Debug|x64.ActiveCfg = Debug|x64
		{89307CEE-31B3-4E48-BC3E-28A96B4F8C53}.Debug|x64.Build.0 = Debug|x64
		{89307CEE-31B3-4E48-BC3E-28A96B4F8C53}.Debug|x86.ActiveCfg = Debug|Win32
		{89307CEE-31B3-4E48-BC3E-28A96B4F8C53}.Debug|x86.Build.0 = Debug|Win32
		{89307CEE-31B3-4E48-BC3E-28A96B4F8C53}.Release|x64.ActiveCfg = Release|x64
		{89307CEE-31B3-4E48-BC3E-28A96B4F8C53}.Release|x64.Build.0 = Release|x64
		{89307CEE-31B3-4E48-BC3E-28A96B4F8C53}.Release|x86.ActiveCfg = Release|Win32
		{89307CEE-31B3-4E48-BC3E-28A96B4F8C53}.Release|x86.Build.0 = Release|Win32
	EndGlobalSection
	GlobalSection(SolutionProperties) = preSolution
		HideSolutionNode = FALSE
	EndGlobalSection
	GlobalSection(ExtensibilityGlobals) = postSolution
		SolutionGuid = {E9598805-EBCD-4721-970D-FD1A64A0879B}
	EndGlobalSection
EndGlobal
